
Microsoft Visual Studio Solution File, Format Version 12.00
# Visual Studio Version 17
VisualStudioVersion = 17.5.33516.290
MinimumVisualStudioVersion = 10.0.40219.1
Project("{9A19103F-16F7-4668-BE54-9A1E7A4F7556}") = "SHFTGRAM", "SHFTGRAM\SHFTGRAM.csproj", "{D7FF5EFE-C06C-4C0E-81E3-947924E9213C}"
EndProject
Project("{2150E333-8FDC-42A3-9474-1A3956D46DE8}") = "SHFTGRAMAPP", "SHFTGRAMAPP", "{2712A392-C87A-4404-947D-834B987B7CEC}"
EndProject
Project("{9A19103F-16F7-4668-BE54-9A1E7A4F7556}") = "Service", "Service\Service.csproj", "{3DAFBEA6-25FE-40F2-9830-FFB427F3EF1F}"
EndProject
Project("{9A19103F-16F7-4668-BE54-9A1E7A4F7556}") = "EFCore", "EFCore\EFCore.csproj", "{0F0C2C67-EC9C-4C85-8E3E-ABB264CCA398}"
EndProject
Project("{9A19103F-16F7-4668-BE54-9A1E7A4F7556}") = "Core", "Core\Core.csproj", "{5FD8CACF-A824-41DE-AB50-EB69A7CFD1B9}"
EndProject
Project("{9A19103F-16F7-4668-BE54-9A1E7A4F7556}") = "EMailService", "EMailService\EMailService.csproj", "{3237DC78-FA62-4FA0-A8B3-B6F7B6167AAD}"
EndProject
Project("{2150E333-8FDC-42A3-9474-1A3956D46DE8}") = "Tests", "Tests", "{2015DA10-FB41-4741-B4EF-01138A83A0B2}"
EndProject
Project("{FAE04EC0-301F-11D3-BF4B-00C04F79EFBC}") = "LoginTest", "LoginTest\LoginTest.csproj", "{6F95E04E-BB1B-4E43-94F7-2A54E822A1A3}"
EndProject
Global
	GlobalSection(SolutionConfigurationPlatforms) = preSolution
		Debug|Any CPU = Debug|Any CPU
		Release|Any CPU = Release|Any CPU
	EndGlobalSection
	GlobalSection(ProjectConfigurationPlatforms) = postSolution
		{D7FF5EFE-C06C-4C0E-81E3-947924E9213C}.Debug|Any CPU.ActiveCfg = Debug|Any CPU
		{D7FF5EFE-C06C-4C0E-81E3-947924E9213C}.Debug|Any CPU.Build.0 = Debug|Any CPU
		{D7FF5EFE-C06C-4C0E-81E3-947924E9213C}.Release|Any CPU.ActiveCfg = Release|Any CPU
		{D7FF5EFE-C06C-4C0E-81E3-947924E9213C}.Release|Any CPU.Build.0 = Release|Any CPU
		{3DAFBEA6-25FE-40F2-9830-FFB427F3EF1F}.Debug|Any CPU.ActiveCfg = Debug|Any CPU
		{3DAFBEA6-25FE-40F2-9830-FFB427F3EF1F}.Debug|Any CPU.Build.0 = Debug|Any CPU
		{3DAFBEA6-25FE-40F2-9830-FFB427F3EF1F}.Release|Any CPU.ActiveCfg = Release|Any CPU
		{3DAFBEA6-25FE-40F2-9830-FFB427F3EF1F}.Release|Any CPU.Build.0 = Release|Any CPU
		{0F0C2C67-EC9C-4C85-8E3E-ABB264CCA398}.Debug|Any CPU.ActiveCfg = Debug|Any CPU
		{0F0C2C67-EC9C-4C85-8E3E-ABB264CCA398}.Debug|Any CPU.Build.0 = Debug|Any CPU
		{0F0C2C67-EC9C-4C85-8E3E-ABB264CCA398}.Release|Any CPU.ActiveCfg = Release|Any CPU
		{0F0C2C67-EC9C-4C85-8E3E-ABB264CCA398}.Release|Any CPU.Build.0 = Release|Any CPU
		{5FD8CACF-A824-41DE-AB50-EB69A7CFD1B9}.Debug|Any CPU.ActiveCfg = Debug|Any CPU
		{5FD8CACF-A824-41DE-AB50-EB69A7CFD1B9}.Debug|Any CPU.Build.0 = Debug|Any CPU
		{5FD8CACF-A824-41DE-AB50-EB69A7CFD1B9}.Release|Any CPU.ActiveCfg = Release|Any CPU
		{5FD8CACF-A824-41DE-AB50-EB69A7CFD1B9}.Release|Any CPU.Build.0 = Release|Any CPU
		{3237DC78-FA62-4FA0-A8B3-B6F7B6167AAD}.Debug|Any CPU.ActiveCfg = Debug|Any CPU
		{3237DC78-FA62-4FA0-A8B3-B6F7B6167AAD}.Debug|Any CPU.Build.0 = Debug|Any CPU
		{3237DC78-FA62-4FA0-A8B3-B6F7B6167AAD}.Release|Any CPU.ActiveCfg = Release|Any CPU
		{3237DC78-FA62-4FA0-A8B3-B6F7B6167AAD}.Release|Any CPU.Build.0 = Release|Any CPU
		{6F95E04E-BB1B-4E43-94F7-2A54E822A1A3}.Debug|Any CPU.ActiveCfg = Debug|Any CPU
		{6F95E04E-BB1B-4E43-94F7-2A54E822A1A3}.Debug|Any CPU.Build.0 = Debug|Any CPU
		{6F95E04E-BB1B-4E43-94F7-2A54E822A1A3}.Release|Any CPU.ActiveCfg = Release|Any CPU
		{6F95E04E-BB1B-4E43-94F7-2A54E822A1A3}.Release|Any CPU.Build.0 = Release|Any CPU
	EndGlobalSection
	GlobalSection(SolutionProperties) = preSolution
		HideSolutionNode = FALSE
	EndGlobalSection
	GlobalSection(NestedProjects) = preSolution
		{D7FF5EFE-C06C-4C0E-81E3-947924E9213C} = {2712A392-C87A-4404-947D-834B987B7CEC}
		{3DAFBEA6-25FE-40F2-9830-FFB427F3EF1F} = {2712A392-C87A-4404-947D-834B987B7CEC}
		{0F0C2C67-EC9C-4C85-8E3E-ABB264CCA398} = {2712A392-C87A-4404-947D-834B987B7CEC}
		{5FD8CACF-A824-41DE-AB50-EB69A7CFD1B9} = {2712A392-C87A-4404-947D-834B987B7CEC}
		{3237DC78-FA62-4FA0-A8B3-B6F7B6167AAD} = {2712A392-C87A-4404-947D-834B987B7CEC}
		{2015DA10-FB41-4741-B4EF-01138A83A0B2} = {2712A392-C87A-4404-947D-834B987B7CEC}
		{6F95E04E-BB1B-4E43-94F7-2A54E822A1A3} = {2015DA10-FB41-4741-B4EF-01138A83A0B2}
	EndGlobalSection
	GlobalSection(ExtensibilityGlobals) = postSolution
		SolutionGuid = {854D0637-01ED-43AB-AC32-E8DDDAD9B334}
	EndGlobalSection
EndGlobal
